
Microsoft Visual Studio Solution File, Format Version 12.00
# Visual Studio Version 17
VisualStudioVersion = 17.3.32825.248
MinimumVisualStudioVersion = 10.0.40219.1
Project("{FAE04EC0-301F-11D3-BF4B-00C04F79EFBC}") = "Домашка", "28.10.2022\Домашка.csproj", "{3B452E2A-5612-46D6-B38E-3B1EDFA04229}"
EndProject
Project("{FAE04EC0-301F-11D3-BF4B-00C04F79EFBC}") = "Тумаков", "Тумаков\Тумаков.csproj", "{EE116979-3128-4D83-8D4C-36C4B8AE9F23}"
EndProject
Global
	GlobalSection(SolutionConfigurationPlatforms) = preSolution
		Debug|Any CPU = Debug|Any CPU
		Release|Any CPU = Release|Any CPU
	EndGlobalSection
	GlobalSection(ProjectConfigurationPlatforms) = postSolution
		{3B452E2A-5612-46D6-B38E-3B1EDFA04229}.Debug|Any CPU.ActiveCfg = Debug|Any CPU
		{3B452E2A-5612-46D6-B38E-3B1EDFA04229}.Debug|Any CPU.Build.0 = Debug|Any CPU
		{3B452E2A-5612-46D6-B38E-3B1EDFA04229}.Release|Any CPU.ActiveCfg = Release|Any CPU
		{3B452E2A-5612-46D6-B38E-3B1EDFA04229}.Release|Any CPU.Build.0 = Release|Any CPU
		{EE116979-3128-4D83-8D4C-36C4B8AE9F23}.Debug|Any CPU.ActiveCfg = Debug|Any CPU
		{EE116979-3128-4D83-8D4C-36C4B8AE9F23}.Debug|Any CPU.Build.0 = Debug|Any CPU
		{EE116979-3128-4D83-8D4C-36C4B8AE9F23}.Release|Any CPU.ActiveCfg = Release|Any CPU
		{EE116979-3128-4D83-8D4C-36C4B8AE9F23}.Release|Any CPU.Build.0 = Release|Any CPU
	EndGlobalSection
	GlobalSection(SolutionProperties) = preSolution
		HideSolutionNode = FALSE
	EndGlobalSection
	GlobalSection(ExtensibilityGlobals) = postSolution
		SolutionGuid = {FA85F5EF-A46F-40B2-B1A9-4278399476B7}
	EndGlobalSection
EndGlobal
